
Microsoft Visual Studio Solution File, Format Version 12.00
# Visual Studio Version 17
VisualStudioVersion = 17.2.32519.379
MinimumVisualStudioVersion = 10.0.40219.1
Project("{FAE04EC0-301F-11D3-BF4B-00C04F79EFBC}") = "AppLoginAutenticacao", "AppLoginAutenticacao.csproj", "{BF239CCA-AF2D-4749-AE32-447A5A3E3C22}"
EndProject
Global
	GlobalSection(SolutionConfigurationPlatforms) = preSolution
		Debug|Any CPU = Debug|Any CPU
		Release|Any CPU = Release|Any CPU
	EndGlobalSection
	GlobalSection(ProjectConfigurationPlatforms) = postSolution
		{BF239CCA-AF2D-4749-AE32-447A5A3E3C22}.Debug|Any CPU.ActiveCfg = Debug|Any CPU
		{BF239CCA-AF2D-4749-AE32-447A5A3E3C22}.Debug|Any CPU.Build.0 = Debug|Any CPU
		{BF239CCA-AF2D-4749-AE32-447A5A3E3C22}.Release|Any CPU.ActiveCfg = Release|Any CPU
		{BF239CCA-AF2D-4749-AE32-447A5A3E3C22}.Release|Any CPU.Build.0 = Release|Any CPU
	EndGlobalSection
	GlobalSection(SolutionProperties) = preSolution
		HideSolutionNode = FALSE
	EndGlobalSection
	GlobalSection(ExtensibilityGlobals) = postSolution
		SolutionGuid = {23494B36-3E09-4491-BBB9-2912AB5D33B5}
	EndGlobalSection
EndGlobal
